{
  "name": "shulz",
  "version": "1.1.0",
  "lockfileVersion": 1,
  "requires": true,
  "dependencies": {
    "graceful-fs": {
      "version": "4.1.2",
      "resolved": "https://registry.npmjs.org/graceful-fs/-/graceful-fs-4.1.2.tgz",
      "integrity": "sha1-/iI5t1dJcuZ+QfgIgj+b+kqZHjc="
    }
  }
}
